
Microsoft Visual Studio Solution File, Format Version 12.00
# Visual Studio Version 17
VisualStudioVersion = 17.11.35222.181
MinimumVisualStudioVersion = 10.0.40219.1
Project("{FAE04EC0-301F-11D3-BF4B-00C04F79EFBC}") = "GroceryShopAPI", "GroceryShopAPI\GroceryShopAPI.csproj", "{6BACB063-CE12-4636-8705-CBAFED39DCB1}"
EndProject
Global
	GlobalSection(SolutionConfigurationPlatforms) = preSolution
		Debug|Any CPU = Debug|Any CPU
		Release|Any CPU = Release|Any CPU
	EndGlobalSection
	GlobalSection(ProjectConfigurationPlatforms) = postSolution
		{6BACB063-CE12-4636-8705-CBAFED39DCB1}.Debug|Any CPU.ActiveCfg = Debug|Any CPU
		{6BACB063-CE12-4636-8705-CBAFED39DCB1}.Debug|Any CPU.Build.0 = Debug|Any CPU
		{6BACB063-CE12-4636-8705-CBAFED39DCB1}.Release|Any CPU.ActiveCfg = Release|Any CPU
		{6BACB063-CE12-4636-8705-CBAFED39DCB1}.Release|Any CPU.Build.0 = Release|Any CPU
	EndGlobalSection
	GlobalSection(SolutionProperties) = preSolution
		HideSolutionNode = FALSE
	EndGlobalSection
	GlobalSection(ExtensibilityGlobals) = postSolution
		SolutionGuid = {AF3874F8-4BC5-4D2D-8742-0BF275B26958}
	EndGlobalSection
EndGlobal
